// !$*UTF8*$!
{
	archiveVersion = 1;
	classes = {
	};
	objectVersion = 51;
	objects = {

/* Begin PBXBuildFile section */
		847225B58D568CEBD3FF2FD5 /* Pods_ZJPDouYuZB.framework in Frameworks */ = {isa = PBXBuildFile; fileRef = C0E4A2B87EBBFD678BDCD906 /* Pods_ZJPDouYuZB.framework */; };
		A227D6DB26520DCC001CD0BF /* JPNetworkTools.swift in Sources */ = {isa = PBXBuildFile; fileRef = A227D6DA26520DCC001CD0BF /* JPNetworkTools.swift */; };
		A227D6DE26524C93001CD0BF /* RecommendViewModel.swift in Sources */ = {isa = PBXBuildFile; fileRef = A227D6DD26524C93001CD0BF /* RecommendViewModel.swift */; };
		A227D6E026524F84001CD0BF /* NSDate-Extension.swift in Sources */ = {isa = PBXBuildFile; fileRef = A227D6DF26524F84001CD0BF /* NSDate-Extension.swift */; };
		A227D6E226525D2B001CD0BF /* AnchorGroup.swift in Sources */ = {isa = PBXBuildFile; fileRef = A227D6E126525D2B001CD0BF /* AnchorGroup.swift */; };
		A227D6E42654EE4A001CD0BF /* CollectionBaseCell.swift in Sources */ = {isa = PBXBuildFile; fileRef = A227D6E32654EE4A001CD0BF /* CollectionBaseCell.swift */; };
		A227D6E6265500AD001CD0BF /* RecommendCycleView.swift in Sources */ = {isa = PBXBuildFile; fileRef = A227D6E5265500AD001CD0BF /* RecommendCycleView.swift */; };
		A227D6E8265500FB001CD0BF /* RecommendCycleView.xib in Resources */ = {isa = PBXBuildFile; fileRef = A227D6E7265500FB001CD0BF /* RecommendCycleView.xib */; };
		A227D6EB26563AE1001CD0BF /* CollectionCycleCell.swift in Sources */ = {isa = PBXBuildFile; fileRef = A227D6E926563AE1001CD0BF /* CollectionCycleCell.swift */; };
		A227D6EC26563AE1001CD0BF /* CollectionCycleCell.xib in Resources */ = {isa = PBXBuildFile; fileRef = A227D6EA26563AE1001CD0BF /* CollectionCycleCell.xib */; };
		A227D6EE26575876001CD0BF /* RecommendGameView.swift in Sources */ = {isa = PBXBuildFile; fileRef = A227D6ED26575875001CD0BF /* RecommendGameView.swift */; };
		A227D6F02657588A001CD0BF /* RecommendGameView.xib in Resources */ = {isa = PBXBuildFile; fileRef = A227D6EF2657588A001CD0BF /* RecommendGameView.xib */; };
		A227D6F326578220001CD0BF /* CollectionGameCell.swift in Sources */ = {isa = PBXBuildFile; fileRef = A227D6F12657821F001CD0BF /* CollectionGameCell.swift */; };
		A227D6F426578220001CD0BF /* CollectionGameCell.xib in Resources */ = {isa = PBXBuildFile; fileRef = A227D6F226578220001CD0BF /* CollectionGameCell.xib */; };
		A230200B2648D09200913A50 /* AppDelegate.swift in Sources */ = {isa = PBXBuildFile; fileRef = A230200A2648D09200913A50 /* AppDelegate.swift */; };
		A230200D2648D09200913A50 /* SceneDelegate.swift in Sources */ = {isa = PBXBuildFile; fileRef = A230200C2648D09200913A50 /* SceneDelegate.swift */; };
		A230200F2648D09200913A50 /* ViewController.swift in Sources */ = {isa = PBXBuildFile; fileRef = A230200E2648D09200913A50 /* ViewController.swift */; };
		A23020122648D09200913A50 /* Main.storyboard in Resources */ = {isa = PBXBuildFile; fileRef = A23020102648D09200913A50 /* Main.storyboard */; };
		A23020142648D09600913A50 /* Assets.xcassets in Resources */ = {isa = PBXBuildFile; fileRef = A23020132648D09600913A50 /* Assets.xcassets */; };
		A23020172648D09600913A50 /* LaunchScreen.storyboard in Resources */ = {isa = PBXBuildFile; fileRef = A23020152648D09600913A50 /* LaunchScreen.storyboard */; };
		A2302030264A147600913A50 /* Live.storyboard in Resources */ = {isa = PBXBuildFile; fileRef = A230202F264A147600913A50 /* Live.storyboard */; };
		A2302033264A155A00913A50 /* Follow.storyboard in Resources */ = {isa = PBXBuildFile; fileRef = A2302031264A155900913A50 /* Follow.storyboard */; };
		A2302036264A15AF00913A50 /* Profile.storyboard in Resources */ = {isa = PBXBuildFile; fileRef = A2302034264A15AF00913A50 /* Profile.storyboard */; };
		A230203C264A19C400913A50 /* Home.storyboard in Resources */ = {isa = PBXBuildFile; fileRef = A230203B264A19C300913A50 /* Home.storyboard */; };
		A230204D264A1CA800913A50 /* MainViewController.swift in Sources */ = {isa = PBXBuildFile; fileRef = A230204C264A1CA800913A50 /* MainViewController.swift */; };
		A230204F264A1D4D00913A50 /* HomeViewController.swift in Sources */ = {isa = PBXBuildFile; fileRef = A230204E264A1D4D00913A50 /* HomeViewController.swift */; };
		A2302052264A5B6500913A50 /* UIBarButtonItem-Extension.swift in Sources */ = {isa = PBXBuildFile; fileRef = A2302051264A5B6500913A50 /* UIBarButtonItem-Extension.swift */; };
		A2302054264A836900913A50 /* PageTitleView.swift in Sources */ = {isa = PBXBuildFile; fileRef = A2302053264A836900913A50 /* PageTitleView.swift */; };
		A2302056264A858F00913A50 /* Common.swift in Sources */ = {isa = PBXBuildFile; fileRef = A2302055264A858F00913A50 /* Common.swift */; };
		A2302058264CD00700913A50 /* PageContentView.swift in Sources */ = {isa = PBXBuildFile; fileRef = A2302057264CD00700913A50 /* PageContentView.swift */; };
		A230205A264CD2C600913A50 /* UIColor-Extension.swift in Sources */ = {isa = PBXBuildFile; fileRef = A2302059264CD2C600913A50 /* UIColor-Extension.swift */; };
		A230205C264E48A000913A50 /* RecommendViewController.swift in Sources */ = {isa = PBXBuildFile; fileRef = A230205B264E48A000913A50 /* RecommendViewController.swift */; };
		A230205F264E606700913A50 /* CollectionHeaderView.swift in Sources */ = {isa = PBXBuildFile; fileRef = A230205D264E606600913A50 /* CollectionHeaderView.swift */; };
		A2302060264E606700913A50 /* CollectionHeaderView.xib in Resources */ = {isa = PBXBuildFile; fileRef = A230205E264E606600913A50 /* CollectionHeaderView.xib */; };
		A2302065264E6CE500913A50 /* CollectionViewCell.swift in Sources */ = {isa = PBXBuildFile; fileRef = A2302063264E6CE500913A50 /* CollectionViewCell.swift */; };
		A2302066264E6CE500913A50 /* CollectionViewCell.xib in Resources */ = {isa = PBXBuildFile; fileRef = A2302064264E6CE500913A50 /* CollectionViewCell.xib */; };
		A2302069264E746500913A50 /* CollectionPrettyCell.swift in Sources */ = {isa = PBXBuildFile; fileRef = A2302067264E746500913A50 /* CollectionPrettyCell.swift */; };
		A230206A264E746500913A50 /* CollectionPrettyCell.xib in Resources */ = {isa = PBXBuildFile; fileRef = A2302068264E746500913A50 /* CollectionPrettyCell.xib */; };
/* End PBXBuildFile section */

/* Begin PBXFileReference section */
		A227D6DA26520DCC001CD0BF /* JPNetworkTools.swift */ = {isa = PBXFileReference; fileEncoding = 4; lastKnownFileType = sourcecode.swift; path = JPNetworkTools.swift; sourceTree = "<group>"; };
		A227D6DD26524C93001CD0BF /* RecommendViewModel.swift */ = {isa = PBXFileReference; lastKnownFileType = sourcecode.swift; path = RecommendViewModel.swift; sourceTree = "<group>"; };
		A227D6DF26524F84001CD0BF /* NSDate-Extension.swift */ = {isa = PBXFileReference; lastKnownFileType = sourcecode.swift; path = "NSDate-Extension.swift"; sourceTree = "<group>"; };
		A227D6E126525D2B001CD0BF /* AnchorGroup.swift */ = {isa = PBXFileReference; lastKnownFileType = sourcecode.swift; path = AnchorGroup.swift; sourceTree = "<group>"; };
		A227D6E32654EE4A001CD0BF /* CollectionBaseCell.swift */ = {isa = PBXFileReference; lastKnownFileType = sourcecode.swift; path = CollectionBaseCell.swift; sourceTree = "<group>"; };
		A227D6E5265500AD001CD0BF /* RecommendCycleView.swift */ = {isa = PBXFileReference; lastKnownFileType = sourcecode.swift; path = RecommendCycleView.swift; sourceTree = "<group>"; };
		A227D6E7265500FB001CD0BF /* RecommendCycleView.xib */ = {isa = PBXFileReference; lastKnownFileType = file.xib; path = RecommendCycleView.xib; sourceTree = "<group>"; };
		A227D6E926563AE1001CD0BF /* CollectionCycleCell.swift */ = {isa = PBXFileReference; lastKnownFileType = sourcecode.swift; path = CollectionCycleCell.swift; sourceTree = "<group>"; };
		A227D6EA26563AE1001CD0BF /* CollectionCycleCell.xib */ = {isa = PBXFileReference; lastKnownFileType = file.xib; path = CollectionCycleCell.xib; sourceTree = "<group>"; };
		A227D6ED26575875001CD0BF /* RecommendGameView.swift */ = {isa = PBXFileReference; lastKnownFileType = sourcecode.swift; path = RecommendGameView.swift; sourceTree = "<group>"; };
		A227D6EF2657588A001CD0BF /* RecommendGameView.xib */ = {isa = PBXFileReference; lastKnownFileType = file.xib; path = RecommendGameView.xib; sourceTree = "<group>"; };
		A227D6F12657821F001CD0BF /* CollectionGameCell.swift */ = {isa = PBXFileReference; lastKnownFileType = sourcecode.swift; path = CollectionGameCell.swift; sourceTree = "<group>"; };
		A227D6F226578220001CD0BF /* CollectionGameCell.xib */ = {isa = PBXFileReference; lastKnownFileType = file.xib; path = CollectionGameCell.xib; sourceTree = "<group>"; };
		A23020072648D09200913A50 /* ZJPDouYuZB.app */ = {isa = PBXFileReference; explicitFileType = wrapper.application; includeInIndex = 0; path = ZJPDouYuZB.app; sourceTree = BUILT_PRODUCTS_DIR; };
		A230200A2648D09200913A50 /* AppDelegate.swift */ = {isa = PBXFileReference; lastKnownFileType = sourcecode.swift; path = AppDelegate.swift; sourceTree = "<group>"; };
		A230200C2648D09200913A50 /* SceneDelegate.swift */ = {isa = PBXFileReference; lastKnownFileType = sourcecode.swift; path = SceneDelegate.swift; sourceTree = "<group>"; };
		A230200E2648D09200913A50 /* ViewController.swift */ = {isa = PBXFileReference; lastKnownFileType = sourcecode.swift; path = ViewController.swift; sourceTree = "<group>"; };
		A23020112648D09200913A50 /* Base */ = {isa = PBXFileReference; lastKnownFileType = file.storyboard; name = Base; path = Base.lproj/Main.storyboard; sourceTree = "<group>"; };
		A23020132648D09600913A50 /* Assets.xcassets */ = {isa = PBXFileReference; lastKnownFileType = folder.assetcatalog; path = Assets.xcassets; sourceTree = "<group>"; };
		A23020162648D09600913A50 /* Base */ = {isa = PBXFileReference; lastKnownFileType = file.storyboard; name = Base; path = Base.lproj/LaunchScreen.storyboard; sourceTree = "<group>"; };
		A23020182648D09600913A50 /* Info.plist */ = {isa = PBXFileReference; lastKnownFileType = text.plist.xml; path = Info.plist; sourceTree = "<group>"; };
		A230202F264A147600913A50 /* Live.storyboard */ = {isa = PBXFileReference; fileEncoding = 4; lastKnownFileType = file.storyboard; path = Live.storyboard; sourceTree = "<group>"; };
		A2302032264A155900913A50 /* Base */ = {isa = PBXFileReference; lastKnownFileType = file.storyboard; name = Base; path = ZJPDouYuZB/Base.lproj/Follow.storyboard; sourceTree = "<group>"; };
		A2302035264A15AF00913A50 /* Base */ = {isa = PBXFileReference; lastKnownFileType = file.storyboard; name = Base; path = ZJPDouYuZB/Base.lproj/Profile.storyboard; sourceTree = "<group>"; };
		A230203B264A19C300913A50 /* Home.storyboard */ = {isa = PBXFileReference; fileEncoding = 4; lastKnownFileType = file.storyboard; path = Home.storyboard; sourceTree = "<group>"; };
		A230204C264A1CA800913A50 /* MainViewController.swift */ = {isa = PBXFileReference; fileEncoding = 4; lastKnownFileType = sourcecode.swift; path = MainViewController.swift; sourceTree = "<group>"; };
		A230204E264A1D4D00913A50 /* HomeViewController.swift */ = {isa = PBXFileReference; lastKnownFileType = sourcecode.swift; path = HomeViewController.swift; sourceTree = "<group>"; };
		A2302051264A5B6500913A50 /* UIBarButtonItem-Extension.swift */ = {isa = PBXFileReference; lastKnownFileType = sourcecode.swift; path = "UIBarButtonItem-Extension.swift"; sourceTree = "<group>"; };
		A2302053264A836900913A50 /* PageTitleView.swift */ = {isa = PBXFileReference; lastKnownFileType = sourcecode.swift; path = PageTitleView.swift; sourceTree = "<group>"; };
		A2302055264A858F00913A50 /* Common.swift */ = {isa = PBXFileReference; lastKnownFileType = sourcecode.swift; path = Common.swift; sourceTree = "<group>"; };
		A2302057264CD00700913A50 /* PageContentView.swift */ = {isa = PBXFileReference; lastKnownFileType = sourcecode.swift; path = PageContentView.swift; sourceTree = "<group>"; };
		A2302059264CD2C600913A50 /* UIColor-Extension.swift */ = {isa = PBXFileReference; lastKnownFileType = sourcecode.swift; path = "UIColor-Extension.swift"; sourceTree = "<group>"; };
		A230205B264E48A000913A50 /* RecommendViewController.swift */ = {isa = PBXFileReference; lastKnownFileType = sourcecode.swift; path = RecommendViewController.swift; sourceTree = "<group>"; };
		A230205D264E606600913A50 /* CollectionHeaderView.swift */ = {isa = PBXFileReference; lastKnownFileType = sourcecode.swift; path = CollectionHeaderView.swift; sourceTree = "<group>"; };
		A230205E264E606600913A50 /* CollectionHeaderView.xib */ = {isa = PBXFileReference; lastKnownFileType = file.xib; path = CollectionHeaderView.xib; sourceTree = "<group>"; };
		A2302063264E6CE500913A50 /* CollectionViewCell.swift */ = {isa = PBXFileReference; lastKnownFileType = sourcecode.swift; path = CollectionViewCell.swift; sourceTree = "<group>"; };
		A2302064264E6CE500913A50 /* CollectionViewCell.xib */ = {isa = PBXFileReference; lastKnownFileType = file.xib; path = CollectionViewCell.xib; sourceTree = "<group>"; };
		A2302067264E746500913A50 /* CollectionPrettyCell.swift */ = {isa = PBXFileReference; lastKnownFileType = sourcecode.swift; path = CollectionPrettyCell.swift; sourceTree = "<group>"; };
		A2302068264E746500913A50 /* CollectionPrettyCell.xib */ = {isa = PBXFileReference; lastKnownFileType = file.xib; path = CollectionPrettyCell.xib; sourceTree = "<group>"; };
		C0E4A2B87EBBFD678BDCD906 /* Pods_ZJPDouYuZB.framework */ = {isa = PBXFileReference; explicitFileType = wrapper.framework; includeInIndex = 0; path = Pods_ZJPDouYuZB.framework; sourceTree = BUILT_PRODUCTS_DIR; };
		CAA2CA93453B9E0D00C6843C /* Pods-ZJPDouYuZB.debug.xcconfig */ = {isa = PBXFileReference; includeInIndex = 1; lastKnownFileType = text.xcconfig; name = "Pods-ZJPDouYuZB.debug.xcconfig"; path = "Target Support Files/Pods-ZJPDouYuZB/Pods-ZJPDouYuZB.debug.xcconfig"; sourceTree = "<group>"; };
		FC4CE81E54E2B519A47DFEF1 /* Pods-ZJPDouYuZB.release.xcconfig */ = {isa = PBXFileReference; includeInIndex = 1; lastKnownFileType = text.xcconfig; name = "Pods-ZJPDouYuZB.release.xcconfig"; path = "Target Support Files/Pods-ZJPDouYuZB/Pods-ZJPDouYuZB.release.xcconfig"; sourceTree = "<group>"; };
/* End PBXFileReference section */

/* Begin PBXFrameworksBuildPhase section */
		A23020042648D09200913A50 /* Frameworks */ = {
			isa = PBXFrameworksBuildPhase;
			buildActionMask = 2147483647;
			files = (
				847225B58D568CEBD3FF2FD5 /* Pods_ZJPDouYuZB.framework in Frameworks */,
			);
			runOnlyForDeploymentPostprocessing = 0;
		};
/* End PBXFrameworksBuildPhase section */

/* Begin PBXGroup section */
		A227D6DC26524C66001CD0BF /* ViewModel */ = {
			isa = PBXGroup;
			children = (
				A227D6DD26524C93001CD0BF /* RecommendViewModel.swift */,
			);
			path = ViewModel;
			sourceTree = "<group>";
		};
		A2301FFE2648D09200913A50 = {
			isa = PBXGroup;
			children = (
				A23020092648D09200913A50 /* ZJPDouYuZB */,
				A23020082648D09200913A50 /* Products */,
				AA99FE7D7BFEA91725F68B7D /* Pods */,
				B579399DF98607FD6C2DC040 /* Frameworks */,
			);
			sourceTree = "<group>";
		};
		A23020082648D09200913A50 /* Products */ = {
			isa = PBXGroup;
			children = (
				A23020072648D09200913A50 /* ZJPDouYuZB.app */,
			);
			name = Products;
			sourceTree = "<group>";
		};
		A23020092648D09200913A50 /* ZJPDouYuZB */ = {
			isa = PBXGroup;
			children = (
				A230201E264912FE00913A50 /* Classes */,
				A230200A2648D09200913A50 /* AppDelegate.swift */,
				A230200C2648D09200913A50 /* SceneDelegate.swift */,
				A230200E2648D09200913A50 /* ViewController.swift */,
				A23020132648D09600913A50 /* Assets.xcassets */,
				A23020152648D09600913A50 /* LaunchScreen.storyboard */,
				A23020182648D09600913A50 /* Info.plist */,
			);
			path = ZJPDouYuZB;
			sourceTree = "<group>";
		};
		A230201E264912FE00913A50 /* Classes */ = {
			isa = PBXGroup;
			children = (
				A2302024264912FE00913A50 /* Main */,
				A230201F264912FE00913A50 /* Home */,
				A2302023264912FE00913A50 /* Live */,
				A2302021264912FE00913A50 /* Follow */,
				A2302022264912FE00913A50 /* Profile */,
				A2302020264912FE00913A50 /* Tools */,
			);
			path = Classes;
			sourceTree = "<group>";
		};
		A230201F264912FE00913A50 /* Home */ = {
			isa = PBXGroup;
			children = (
				A2302040264A1C1000913A50 /* Model */,
				A227D6DC26524C66001CD0BF /* ViewModel */,
				A2302042264A1C1000913A50 /* Controller */,
				A2302041264A1C1000913A50 /* View */,
			);
			path = Home;
			sourceTree = "<group>";
		};
		A2302020264912FE00913A50 /* Tools */ = {
			isa = PBXGroup;
			children = (
				A2302050264A5B0500913A50 /* Extension */,
				A227D6DA26520DCC001CD0BF /* JPNetworkTools.swift */,
				A2302055264A858F00913A50 /* Common.swift */,
			);
			path = Tools;
			sourceTree = "<group>";
		};
		A2302021264912FE00913A50 /* Follow */ = {
			isa = PBXGroup;
			children = (
				A2302047264A1C3A00913A50 /* Controller */,
				A2302048264A1C3A00913A50 /* Model */,
				A2302046264A1C3A00913A50 /* View */,
				A2302031264A155900913A50 /* Follow.storyboard */,
			);
			path = Follow;
			sourceTree = "<group>";
		};
		A2302022264912FE00913A50 /* Profile */ = {
			isa = PBXGroup;
			children = (
				A2302049264A1C4800913A50 /* Controller */,
				A230204B264A1C4800913A50 /* Model */,
				A230204A264A1C4800913A50 /* View */,
				A2302034264A15AF00913A50 /* Profile.storyboard */,
			);
			path = Profile;
			sourceTree = "<group>";
		};
		A2302023264912FE00913A50 /* Live */ = {
			isa = PBXGroup;
			children = (
				A2302044264A1C2000913A50 /* Controller */,
				A2302045264A1C2000913A50 /* Model */,
				A2302043264A1C2000913A50 /* View */,
				A230202F264A147600913A50 /* Live.storyboard */,
			);
			path = Live;
			sourceTree = "<group>";
		};
		A2302024264912FE00913A50 /* Main */ = {
			isa = PBXGroup;
			children = (
				A230203E264A1BC600913A50 /* Model */,
				A230203F264A1BC600913A50 /* View */,
				A230203D264A1BC600913A50 /* Controller */,
			);
			path = Main;
			sourceTree = "<group>";
		};
		A230203D264A1BC600913A50 /* Controller */ = {
			isa = PBXGroup;
			children = (
				A23020102648D09200913A50 /* Main.storyboard */,
				A230204C264A1CA800913A50 /* MainViewController.swift */,
			);
			path = Controller;
			sourceTree = "<group>";
		};
		A230203E264A1BC600913A50 /* Model */ = {
			isa = PBXGroup;
			children = (
			);
			path = Model;
			sourceTree = "<group>";
		};
		A230203F264A1BC600913A50 /* View */ = {
			isa = PBXGroup;
			children = (
				A2302053264A836900913A50 /* PageTitleView.swift */,
				A2302057264CD00700913A50 /* PageContentView.swift */,
				A2302063264E6CE500913A50 /* CollectionViewCell.swift */,
				A2302064264E6CE500913A50 /* CollectionViewCell.xib */,
				A227D6E32654EE4A001CD0BF /* CollectionBaseCell.swift */,
				A2302067264E746500913A50 /* CollectionPrettyCell.swift */,
				A2302068264E746500913A50 /* CollectionPrettyCell.xib */,
			);
			path = View;
			sourceTree = "<group>";
		};
		A2302040264A1C1000913A50 /* Model */ = {
			isa = PBXGroup;
			children = (
				A227D6E126525D2B001CD0BF /* AnchorGroup.swift */,
			);
			path = Model;
			sourceTree = "<group>";
		};
		A2302041264A1C1000913A50 /* View */ = {
			isa = PBXGroup;
			children = (
				A230205D264E606600913A50 /* CollectionHeaderView.swift */,
				A230205E264E606600913A50 /* CollectionHeaderView.xib */,
				A227D6E5265500AD001CD0BF /* RecommendCycleView.swift */,
				A227D6E7265500FB001CD0BF /* RecommendCycleView.xib */,
				A227D6E926563AE1001CD0BF /* CollectionCycleCell.swift */,
				A227D6EA26563AE1001CD0BF /* CollectionCycleCell.xib */,
				A227D6ED26575875001CD0BF /* RecommendGameView.swift */,
				A227D6EF2657588A001CD0BF /* RecommendGameView.xib */,
				A227D6F12657821F001CD0BF /* CollectionGameCell.swift */,
				A227D6F226578220001CD0BF /* CollectionGameCell.xib */,
			);
			path = View;
			sourceTree = "<group>";
		};
		A2302042264A1C1000913A50 /* Controller */ = {
			isa = PBXGroup;
			children = (
				A230203B264A19C300913A50 /* Home.storyboard */,
				A230204E264A1D4D00913A50 /* HomeViewController.swift */,
				A230205B264E48A000913A50 /* RecommendViewController.swift */,
			);
			path = Controller;
			sourceTree = "<group>";
		};
		A2302043264A1C2000913A50 /* View */ = {
			isa = PBXGroup;
			children = (
			);
			path = View;
			sourceTree = "<group>";
		};
		A2302044264A1C2000913A50 /* Controller */ = {
			isa = PBXGroup;
			children = (
			);
			path = Controller;
			sourceTree = "<group>";
		};
		A2302045264A1C2000913A50 /* Model */ = {
			isa = PBXGroup;
			children = (
			);
			path = Model;
			sourceTree = "<group>";
		};
		A2302046264A1C3A00913A50 /* View */ = {
			isa = PBXGroup;
			children = (
			);
			path = View;
			sourceTree = "<group>";
		};
		A2302047264A1C3A00913A50 /* Controller */ = {
			isa = PBXGroup;
			children = (
			);
			path = Controller;
			sourceTree = "<group>";
		};
		A2302048264A1C3A00913A50 /* Model */ = {
			isa = PBXGroup;
			children = (
			);
			path = Model;
			sourceTree = "<group>";
		};
		A2302049264A1C4800913A50 /* Controller */ = {
			isa = PBXGroup;
			children = (
			);
			path = Controller;
			sourceTree = "<group>";
		};
		A230204A264A1C4800913A50 /* View */ = {
			isa = PBXGroup;
			children = (
			);
			path = View;
			sourceTree = "<group>";
		};
		A230204B264A1C4800913A50 /* Model */ = {
			isa = PBXGroup;
			children = (
			);
			path = Model;
			sourceTree = "<group>";
		};
		A2302050264A5B0500913A50 /* Extension */ = {
			isa = PBXGroup;
			children = (
				A2302051264A5B6500913A50 /* UIBarButtonItem-Extension.swift */,
				A2302059264CD2C600913A50 /* UIColor-Extension.swift */,
				A227D6DF26524F84001CD0BF /* NSDate-Extension.swift */,
			);
			path = Extension;
			sourceTree = "<group>";
		};
		AA99FE7D7BFEA91725F68B7D /* Pods */ = {
			isa = PBXGroup;
			children = (
				CAA2CA93453B9E0D00C6843C /* Pods-ZJPDouYuZB.debug.xcconfig */,
				FC4CE81E54E2B519A47DFEF1 /* Pods-ZJPDouYuZB.release.xcconfig */,
			);
			path = Pods;
			sourceTree = "<group>";
		};
		B579399DF98607FD6C2DC040 /* Frameworks */ = {
			isa = PBXGroup;
			children = (
				C0E4A2B87EBBFD678BDCD906 /* Pods_ZJPDouYuZB.framework */,
			);
			name = Frameworks;
			sourceTree = "<group>";
		};
/* End PBXGroup section */

/* Begin PBXNativeTarget section */
		A23020062648D09200913A50 /* ZJPDouYuZB */ = {
			isa = PBXNativeTarget;
			buildConfigurationList = A230201B2648D09600913A50 /* Build configuration list for PBXNativeTarget "ZJPDouYuZB" */;
			buildPhases = (
				EDD5AA70E050778684E52DAC /* [CP] Check Pods Manifest.lock */,
				A23020032648D09200913A50 /* Sources */,
				A23020042648D09200913A50 /* Frameworks */,
				A23020052648D09200913A50 /* Resources */,
				94D34222512E77C3EB7A1D2F /* [CP] Embed Pods Frameworks */,
			);
			buildRules = (
			);
			dependencies = (
			);
			name = ZJPDouYuZB;
			productName = ZJPDouYuZB;
			productReference = A23020072648D09200913A50 /* ZJPDouYuZB.app */;
			productType = "com.apple.product-type.application";
		};
/* End PBXNativeTarget section */

/* Begin PBXProject section */
		A2301FFF2648D09200913A50 /* Project object */ = {
			isa = PBXProject;
			attributes = {
				LastSwiftUpdateCheck = 1250;
				LastUpgradeCheck = 1250;
				TargetAttributes = {
					A23020062648D09200913A50 = {
						CreatedOnToolsVersion = 12.5;
					};
				};
			};
			buildConfigurationList = A23020022648D09200913A50 /* Build configuration list for PBXProject "ZJPDouYuZB" */;
			compatibilityVersion = "Xcode 9.3";
			developmentRegion = en;
			hasScannedForEncodings = 0;
			knownRegions = (
				en,
				Base,
			);
			mainGroup = A2301FFE2648D09200913A50;
			productRefGroup = A23020082648D09200913A50 /* Products */;
			projectDirPath = "";
			projectRoot = "";
			targets = (
				A23020062648D09200913A50 /* ZJPDouYuZB */,
			);
		};
/* End PBXProject section */

/* Begin PBXResourcesBuildPhase section */
		A23020052648D09200913A50 /* Resources */ = {
			isa = PBXResourcesBuildPhase;
			buildActionMask = 2147483647;
			files = (
				A23020172648D09600913A50 /* LaunchScreen.storyboard in Resources */,
				A2302060264E606700913A50 /* CollectionHeaderView.xib in Resources */,
				A23020142648D09600913A50 /* Assets.xcassets in Resources */,
				A2302030264A147600913A50 /* Live.storyboard in Resources */,
				A2302066264E6CE500913A50 /* CollectionViewCell.xib in Resources */,
				A23020122648D09200913A50 /* Main.storyboard in Resources */,
				A2302036264A15AF00913A50 /* Profile.storyboard in Resources */,
				A227D6F426578220001CD0BF /* CollectionGameCell.xib in Resources */,
				A227D6E8265500FB001CD0BF /* RecommendCycleView.xib in Resources */,
				A227D6EC26563AE1001CD0BF /* CollectionCycleCell.xib in Resources */,
				A230206A264E746500913A50 /* CollectionPrettyCell.xib in Resources */,
				A2302033264A155A00913A50 /* Follow.storyboard in Resources */,
				A227D6F02657588A001CD0BF /* RecommendGameView.xib in Resources */,
				A230203C264A19C400913A50 /* Home.storyboard in Resources */,
			);
			runOnlyForDeploymentPostprocessing = 0;
		};
/* End PBXResourcesBuildPhase section */

/* Begin PBXShellScriptBuildPhase section */
		94D34222512E77C3EB7A1D2F /* [CP] Embed Pods Frameworks */ = {
			isa = PBXShellScriptBuildPhase;
			buildActionMask = 2147483647;
			files = (
			);
			inputFileListPaths = (
				"${PODS_ROOT}/Target Support Files/Pods-ZJPDouYuZB/Pods-ZJPDouYuZB-frameworks-${CONFIGURATION}-input-files.xcfilelist",
			);
			name = "[CP] Embed Pods Frameworks";
			outputFileListPaths = (
				"${PODS_ROOT}/Target Support Files/Pods-ZJPDouYuZB/Pods-ZJPDouYuZB-frameworks-${CONFIGURATION}-output-files.xcfilelist",
			);
			runOnlyForDeploymentPostprocessing = 0;
			shellPath = /bin/sh;
			shellScript = "\"${PODS_ROOT}/Target Support Files/Pods-ZJPDouYuZB/Pods-ZJPDouYuZB-frameworks.sh\"\n";
			showEnvVarsInLog = 0;
		};
		EDD5AA70E050778684E52DAC /* [CP] Check Pods Manifest.lock */ = {
			isa = PBXShellScriptBuildPhase;
			buildActionMask = 2147483647;
			files = (
			);
			inputFileListPaths = (
			);
			inputPaths = (
				"${PODS_PODFILE_DIR_PATH}/Podfile.lock",
				"${PODS_ROOT}/Manifest.lock",
			);
			name = "[CP] Check Pods Manifest.lock";
			outputFileListPaths = (
			);
			outputPaths = (
				"$(DERIVED_FILE_DIR)/Pods-ZJPDouYuZB-checkManifestLockResult.txt",
			);
			runOnlyForDeploymentPostprocessing = 0;
			shellPath = /bin/sh;
			shellScript = "diff \"${PODS_PODFILE_DIR_PATH}/Podfile.lock\" \"${PODS_ROOT}/Manifest.lock\" > /dev/null\nif [ $? != 0 ] ; then\n    # print error to STDERR\n    echo \"error: The sandbox is not in sync with the Podfile.lock. Run 'pod install' or update your CocoaPods installation.\" >&2\n    exit 1\nfi\n# This output is used by Xcode 'outputs' to avoid re-running this script phase.\necho \"SUCCESS\" > \"${SCRIPT_OUTPUT_FILE_0}\"\n";
			showEnvVarsInLog = 0;
		};
/* End PBXShellScriptBuildPhase section */

/* Begin PBXSourcesBuildPhase section */
		A23020032648D09200913A50 /* Sources */ = {
			isa = PBXSourcesBuildPhase;
			buildActionMask = 2147483647;
			files = (
				A2302056264A858F00913A50 /* Common.swift in Sources */,
				A230205A264CD2C600913A50 /* UIColor-Extension.swift in Sources */,
				A2302058264CD00700913A50 /* PageContentView.swift in Sources */,
				A227D6DB26520DCC001CD0BF /* JPNetworkTools.swift in Sources */,
				A230204F264A1D4D00913A50 /* HomeViewController.swift in Sources */,
				A2302054264A836900913A50 /* PageTitleView.swift in Sources */,
				A227D6E226525D2B001CD0BF /* AnchorGroup.swift in Sources */,
				A230200F2648D09200913A50 /* ViewController.swift in Sources */,
				A227D6EB26563AE1001CD0BF /* CollectionCycleCell.swift in Sources */,
				A2302065264E6CE500913A50 /* CollectionViewCell.swift in Sources */,
				A227D6E026524F84001CD0BF /* NSDate-Extension.swift in Sources */,
				A2302052264A5B6500913A50 /* UIBarButtonItem-Extension.swift in Sources */,
				A227D6DE26524C93001CD0BF /* RecommendViewModel.swift in Sources */,
				A227D6EE26575876001CD0BF /* RecommendGameView.swift in Sources */,
				A227D6E42654EE4A001CD0BF /* CollectionBaseCell.swift in Sources */,
				A230200B2648D09200913A50 /* AppDelegate.swift in Sources */,
				A230200D2648D09200913A50 /* SceneDelegate.swift in Sources */,
				A230205F264E606700913A50 /* CollectionHeaderView.swift in Sources */,
				A227D6F326578220001CD0BF /* CollectionGameCell.swift in Sources */,
				A227D6E6265500AD001CD0BF /* RecommendCycleView.swift in Sources */,
				A230204D264A1CA800913A50 /* MainViewController.swift in Sources */,
				A230205C264E48A000913A50 /* RecommendViewController.swift in Sources */,
				A2302069264E746500913A50 /* CollectionPrettyCell.swift in Sources */,
			);
			runOnlyForDeploymentPostprocessing = 0;
		};
/* End PBXSourcesBuildPhase section */

/* Begin PBXVariantGroup section */
		A23020102648D09200913A50 /* Main.storyboard */ = {
			isa = PBXVariantGroup;
			children = (
				A23020112648D09200913A50 /* Base */,
			);
			name = Main.storyboard;
			sourceTree = "<group>";
		};
		A23020152648D09600913A50 /* LaunchScreen.storyboard */ = {
			isa = PBXVariantGroup;
			children = (
				A23020162648D09600913A50 /* Base */,
			);
			name = LaunchScreen.storyboard;
			sourceTree = "<group>";
		};
		A2302031264A155900913A50 /* Follow.storyboard */ = {
			isa = PBXVariantGroup;
			children = (
				A2302032264A155900913A50 /* Base */,
			);
			name = Follow.storyboard;
			sourceTree = "<group>";
		};
		A2302034264A15AF00913A50 /* Profile.storyboard */ = {
			isa = PBXVariantGroup;
			children = (
				A2302035264A15AF00913A50 /* Base */,
			);
			name = Profile.storyboard;
			sourceTree = "<group>";
		};
/* End PBXVariantGroup section */

/* Begin XCBuildConfiguration section */
		A23020192648D09600913A50 /* Debug */ = {
			isa = XCBuildConfiguration;
			buildSettings = {
				ALWAYS_SEARCH_USER_PATHS = NO;
				CLANG_ANALYZER_NONNULL = YES;
				CLANG_ANALYZER_NUMBER_OBJECT_CONVERSION = YES_AGGRESSIVE;
				CLANG_CXX_LANGUAGE_STANDARD = "gnu++14";
				CLANG_CXX_LIBRARY = "libc++";
				CLANG_ENABLE_MODULES = YES;
				CLANG_ENABLE_OBJC_ARC = YES;
				CLANG_ENABLE_OBJC_WEAK = YES;
				CLANG_WARN_BLOCK_CAPTURE_AUTORELEASING = YES;
				CLANG_WARN_BOOL_CONVERSION = YES;
				CLANG_WARN_COMMA = YES;
				CLANG_WARN_CONSTANT_CONVERSION = YES;
				CLANG_WARN_DEPRECATED_OBJC_IMPLEMENTATIONS = YES;
				CLANG_WARN_DIRECT_OBJC_ISA_USAGE = YES_ERROR;
				CLANG_WARN_DOCUMENTATION_COMMENTS = YES;
				CLANG_WARN_EMPTY_BODY = YES;
				CLANG_WARN_ENUM_CONVERSION = YES;
				CLANG_WARN_INFINITE_RECURSION = YES;
				CLANG_WARN_INT_CONVERSION = YES;
				CLANG_WARN_NON_LITERAL_NULL_CONVERSION = YES;
				CLANG_WARN_OBJC_IMPLICIT_RETAIN_SELF = YES;
				CLANG_WARN_OBJC_LITERAL_CONVERSION = YES;
				CLANG_WARN_OBJC_ROOT_CLASS = YES_ERROR;
				CLANG_WARN_QUOTED_INCLUDE_IN_FRAMEWORK_HEADER = YES;
				CLANG_WARN_RANGE_LOOP_ANALYSIS = YES;
				CLANG_WARN_STRICT_PROTOTYPES = YES;
				CLANG_WARN_SUSPICIOUS_MOVE = YES;
				CLANG_WARN_UNGUARDED_AVAILABILITY = YES_AGGRESSIVE;
				CLANG_WARN_UNREACHABLE_CODE = YES;
				CLANG_WARN__DUPLICATE_METHOD_MATCH = YES;
				COPY_PHASE_STRIP = NO;
				DEBUG_INFORMATION_FORMAT = dwarf;
				ENABLE_STRICT_OBJC_MSGSEND = YES;
				ENABLE_TESTABILITY = YES;
				GCC_C_LANGUAGE_STANDARD = gnu11;
				GCC_DYNAMIC_NO_PIC = NO;
				GCC_NO_COMMON_BLOCKS = YES;
				GCC_OPTIMIZATION_LEVEL = 0;
				GCC_PREPROCESSOR_DEFINITIONS = (
					"DEBUG=1",
					"$(inherited)",
				);
				GCC_WARN_64_TO_32_BIT_CONVERSION = YES;
				GCC_WARN_ABOUT_RETURN_TYPE = YES_ERROR;
				GCC_WARN_UNDECLARED_SELECTOR = YES;
				GCC_WARN_UNINITIALIZED_AUTOS = YES_AGGRESSIVE;
				GCC_WARN_UNUSED_FUNCTION = YES;
				GCC_WARN_UNUSED_VARIABLE = YES;
				IPHONEOS_DEPLOYMENT_TARGET = 10.0;
				MTL_ENABLE_DEBUG_INFO = INCLUDE_SOURCE;
				MTL_FAST_MATH = YES;
				ONLY_ACTIVE_ARCH = YES;
				SDKROOT = iphoneos;
				SWIFT_ACTIVE_COMPILATION_CONDITIONS = DEBUG;
				SWIFT_OPTIMIZATION_LEVEL = "-Onone";
			};
			name = Debug;
		};
		A230201A2648D09600913A50 /* Release */ = {
			isa = XCBuildConfiguration;
			buildSettings = {
				ALWAYS_SEARCH_USER_PATHS = NO;
				CLANG_ANALYZER_NONNULL = YES;
				CLANG_ANALYZER_NUMBER_OBJECT_CONVERSION = YES_AGGRESSIVE;
				CLANG_CXX_LANGUAGE_STANDARD = "gnu++14";
				CLANG_CXX_LIBRARY = "libc++";
				CLANG_ENABLE_MODULES = YES;
				CLANG_ENABLE_OBJC_ARC = YES;
				CLANG_ENABLE_OBJC_WEAK = YES;
				CLANG_WARN_BLOCK_CAPTURE_AUTORELEASING = YES;
				CLANG_WARN_BOOL_CONVERSION = YES;
				CLANG_WARN_COMMA = YES;
				CLANG_WARN_CONSTANT_CONVERSION = YES;
				CLANG_WARN_DEPRECATED_OBJC_IMPLEMENTATIONS = YES;
				CLANG_WARN_DIRECT_OBJC_ISA_USAGE = YES_ERROR;
				CLANG_WARN_DOCUMENTATION_COMMENTS = YES;
				CLANG_WARN_EMPTY_BODY = YES;
				CLANG_WARN_ENUM_CONVERSION = YES;
				CLANG_WARN_INFINITE_RECURSION = YES;
				CLANG_WARN_INT_CONVERSION = YES;
				CLANG_WARN_NON_LITERAL_NULL_CONVERSION = YES;
				CLANG_WARN_OBJC_IMPLICIT_RETAIN_SELF = YES;
				CLANG_WARN_OBJC_LITERAL_CONVERSION = YES;
				CLANG_WARN_OBJC_ROOT_CLASS = YES_ERROR;
				CLANG_WARN_QUOTED_INCLUDE_IN_FRAMEWORK_HEADER = YES;
				CLANG_WARN_RANGE_LOOP_ANALYSIS = YES;
				CLANG_WARN_STRICT_PROTOTYPES = YES;
				CLANG_WARN_SUSPICIOUS_MOVE = YES;
				CLANG_WARN_UNGUARDED_AVAILABILITY = YES_AGGRESSIVE;
				CLANG_WARN_UNREACHABLE_CODE = YES;
				CLANG_WARN__DUPLICATE_METHOD_MATCH = YES;
				COPY_PHASE_STRIP = NO;
				DEBUG_INFORMATION_FORMAT = "dwarf-with-dsym";
				ENABLE_NS_ASSERTIONS = NO;
				ENABLE_STRICT_OBJC_MSGSEND = YES;
				GCC_C_LANGUAGE_STANDARD = gnu11;
				GCC_NO_COMMON_BLOCKS = YES;
				GCC_WARN_64_TO_32_BIT_CONVERSION = YES;
				GCC_WARN_ABOUT_RETURN_TYPE = YES_ERROR;
				GCC_WARN_UNDECLARED_SELECTOR = YES;
				GCC_WARN_UNINITIALIZED_AUTOS = YES_AGGRESSIVE;
				GCC_WARN_UNUSED_FUNCTION = YES;
				GCC_WARN_UNUSED_VARIABLE = YES;
				IPHONEOS_DEPLOYMENT_TARGET = 10.0;
				MTL_ENABLE_DEBUG_INFO = NO;
				MTL_FAST_MATH = YES;
				SDKROOT = iphoneos;
				SWIFT_COMPILATION_MODE = wholemodule;
				SWIFT_OPTIMIZATION_LEVEL = "-O";
				VALIDATE_PRODUCT = YES;
			};
			name = Release;
		};
		A230201C2648D09600913A50 /* Debug */ = {
			isa = XCBuildConfiguration;
			baseConfigurationReference = CAA2CA93453B9E0D00C6843C /* Pods-ZJPDouYuZB.debug.xcconfig */;
			buildSettings = {
				ASSETCATALOG_COMPILER_APPICON_NAME = AppIcon;
				ASSETCATALOG_COMPILER_GLOBAL_ACCENT_COLOR_NAME = AccentColor;
				CODE_SIGN_STYLE = Automatic;
				INFOPLIST_FILE = ZJPDouYuZB/Info.plist;
				IPHONEOS_DEPLOYMENT_TARGET = 13.0;
				LD_RUNPATH_SEARCH_PATHS = (
					"$(inherited)",
					"@executable_path/Frameworks",
				);
				PRODUCT_BUNDLE_IDENTIFIER = com.ZJP.ZJPDouYuZB;
				PRODUCT_NAME = "$(TARGET_NAME)";
				SWIFT_VERSION = 5.0;
				TARGETED_DEVICE_FAMILY = 1;
			};
			name = Debug;
		};
		A230201D2648D09600913A50 /* Release */ = {
			isa = XCBuildConfiguration;
			baseConfigurationReference = FC4CE81E54E2B519A47DFEF1 /* Pods-ZJPDouYuZB.release.xcconfig */;
			buildSettings = {
				ASSETCATALOG_COMPILER_APPICON_NAME = AppIcon;
				ASSETCATALOG_COMPILER_GLOBAL_ACCENT_COLOR_NAME = AccentColor;
				CODE_SIGN_STYLE = Automatic;
				INFOPLIST_FILE = ZJPDouYuZB/Info.plist;
				IPHONEOS_DEPLOYMENT_TARGET = 13.0;
				LD_RUNPATH_SEARCH_PATHS = (
					"$(inherited)",
					"@executable_path/Frameworks",
				);
				PRODUCT_BUNDLE_IDENTIFIER = com.ZJP.ZJPDouYuZB;
				PRODUCT_NAME = "$(TARGET_NAME)";
				SWIFT_VERSION = 5.0;
				TARGETED_DEVICE_FAMILY = 1;
			};
			name = Release;
		};
/* End XCBuildConfiguration section */

/* Begin XCConfigurationList section */
		A23020022648D09200913A50 /* Build configuration list for PBXProject "ZJPDouYuZB" */ = {
			isa = XCConfigurationList;
			buildConfigurations = (
				A23020192648D09600913A50 /* Debug */,
				A230201A2648D09600913A50 /* Release */,
			);
			defaultConfigurationIsVisible = 0;
			defaultConfigurationName = Release;
		};
		A230201B2648D09600913A50 /* Build configuration list for PBXNativeTarget "ZJPDouYuZB" */ = {
			isa = XCConfigurationList;
			buildConfigurations = (
				A230201C2648D09600913A50 /* Debug */,
				A230201D2648D09600913A50 /* Release */,
			);
			defaultConfigurationIsVisible = 0;
			defaultConfigurationName = Release;
		};
/* End XCConfigurationList section */
	};
	rootObject = A2301FFF2648D09200913A50 /* Project object */;
}
